{
	"name": "imask",
	"version": "6.0.0-alpha.0",
	"lockfileVersion": 1,
	"requires": true,
	"dependencies": {
		"@ungap/global-this": {
			"version": "0.3.1",
			"resolved": "https://registry.npmjs.org/@ungap/global-this/-/global-this-0.3.1.tgz",
			"integrity": "sha512-6gxLxSsXmt3XcC2p0mRjeHOtZemfs/IswAyWJZU0b8UvCQAegRpjSrQK0Y+u3OQQ3V0ZYQkHVCV9V3dxnlJ5Zw=="
		}
	}
}
