{
  "name": "vue-imask",
  "version": "6.6.1",
  "lockfileVersion": 3,
  "requires": true,
  "packages": {
    "": {
      "name": "vue-imask",
      "version": "6.6.1",
      "license": "MIT",
      "dependencies": {
        "imask": "^6.6.1",
        "vue-demi": "^0.13.11"
      },
      "devDependencies": {
        "vue": "^2.7.14"
      },
      "peerDependencies": {
        "@vue/composition-api": ">=1.0.0",
        "vue": ">=2.2.0"
      },
      "peerDependenciesMeta": {
        "@vue/composition-api": {
          "optional": true
        }
      }
    },
    "../imask": {
      "version": "6.6.1",
      "license": "MIT",
      "engines": {
        "npm": ">=4.0.0"
      }
    },
    "node_modules/@babel/parser": {
      "version": "7.21.3",
      "license": "MIT",
      "bin": {
        "parser": "bin/babel-parser.js"
      },
      "engines": {
        "node": ">=6.0.0"
      }
    },
    "node_modules/@vue/compiler-sfc": {
      "version": "2.7.14",
      "dependencies": {
        "@babel/parser": "^7.18.4",
        "postcss": "^8.4.14",
        "source-map": "^0.6.1"
      }
    },
    "node_modules/csstype": {
      "version": "3.1.1",
      "license": "MIT"
    },
    "node_modules/imask": {
      "resolved": "../imask",
      "link": true
    },
    "node_modules/nanoid": {
      "version": "3.3.6",
      "funding": [
        {
          "type": "github",
          "url": "https://github.com/sponsors/ai"
        }
      ],
      "license": "MIT",
      "bin": {
        "nanoid": "bin/nanoid.cjs"
      },
      "engines": {
        "node": "^10 || ^12 || ^13.7 || ^14 || >=15.0.1"
      }
    },
    "node_modules/picocolors": {
      "version": "1.0.0",
      "license": "ISC"
    },
    "node_modules/postcss": {
      "version": "8.4.21",
      "funding": [
        {
          "type": "opencollective",
          "url": "https://opencollective.com/postcss/"
        },
        {
          "type": "tidelift",
          "url": "https://tidelift.com/funding/github/npm/postcss"
        }
      ],
      "license": "MIT",
      "dependencies": {
        "nanoid": "^3.3.4",
        "picocolors": "^1.0.0",
        "source-map-js": "^1.0.2"
      },
      "engines": {
        "node": "^10 || ^12 || >=14"
      }
    },
    "node_modules/source-map": {
      "version": "0.6.1",
      "license": "BSD-3-Clause",
      "engines": {
        "node": ">=0.10.0"
      }
    },
    "node_modules/source-map-js": {
      "version": "1.0.2",
      "license": "BSD-3-Clause",
      "engines": {
        "node": ">=0.10.0"
      }
    },
    "node_modules/vue": {
      "version": "2.7.14",
      "resolved": "https://registry.npmjs.org/vue/-/vue-2.7.14.tgz",
      "integrity": "sha512-b2qkFyOM0kwqWFuQmgd4o+uHGU7T+2z3T+WQp8UBjADfEv2n4FEMffzBmCKNP0IGzOEEfYjvtcC62xaSKeQDrQ==",
      "dependencies": {
        "@vue/compiler-sfc": "2.7.14",
        "csstype": "^3.1.0"
      }
    },
    "node_modules/vue-demi": {
      "version": "0.13.11",
      "resolved": "https://registry.npmjs.org/vue-demi/-/vue-demi-0.13.11.tgz",
      "integrity": "sha512-IR8HoEEGM65YY3ZJYAjMlKygDQn25D5ajNFNoKh9RSDMQtlzCxtfQjdQgv9jjK+m3377SsJXY8ysq8kLCZL25A==",
      "hasInstallScript": true,
      "bin": {
        "vue-demi-fix": "bin/vue-demi-fix.js",
        "vue-demi-switch": "bin/vue-demi-switch.js"
      },
      "engines": {
        "node": ">=12"
      },
      "funding": {
        "url": "https://github.com/sponsors/antfu"
      },
      "peerDependencies": {
        "@vue/composition-api": "^1.0.0-rc.1",
        "vue": "^3.0.0-0 || ^2.6.0"
      },
      "peerDependenciesMeta": {
        "@vue/composition-api": {
          "optional": true
        }
      }
    }
  }
}
