{
  "name": "solid-imask",
  "version": "6.4.3",
  "lockfileVersion": 2,
  "requires": true,
  "packages": {
    "": {
      "name": "solid-imask",
      "version": "6.4.3",
      "license": "MIT",
      "dependencies": {
        "imask": "^6.4.3"
      },
      "devDependencies": {
        "solid-js": "^1.6.9"
      },
      "engines": {
        "npm": ">=4.0.0"
      },
      "peerDependencies": {
        "solid-js": ">=1.3.0"
      }
    },
    "../imask": {
      "version": "6.4.3",
      "license": "MIT",
      "engines": {
        "npm": ">=4.0.0"
      }
    },
    "node_modules/csstype": {
      "version": "3.1.1",
      "resolved": "https://registry.npmjs.org/csstype/-/csstype-3.1.1.tgz",
      "integrity": "sha512-DJR/VvkAvSZW9bTouZue2sSxDwdTN92uHjqeKVm+0dAqdfNykRzQ95tay8aXMBAAPpUiq4Qcug2L7neoRh2Egw==",
      "dev": true
    },
    "node_modules/imask": {
      "resolved": "../imask",
      "link": true
    },
    "node_modules/solid-js": {
      "version": "1.6.16",
      "resolved": "https://registry.npmjs.org/solid-js/-/solid-js-1.6.16.tgz",
      "integrity": "sha512-Ng4CahvLlpGA3BXIMiiMdwhI8WpObZ8gXqm97GCKR4+MpnODs6Pdpco+tmVCY/4ZDFaEKDxz7WRLAAdoXdlY7w==",
      "dev": true,
      "dependencies": {
        "csstype": "^3.1.0"
      }
    }
  },
  "dependencies": {
    "csstype": {
      "version": "3.1.1",
      "resolved": "https://registry.npmjs.org/csstype/-/csstype-3.1.1.tgz",
      "integrity": "sha512-DJR/VvkAvSZW9bTouZue2sSxDwdTN92uHjqeKVm+0dAqdfNykRzQ95tay8aXMBAAPpUiq4Qcug2L7neoRh2Egw==",
      "dev": true
    },
    "imask": {
      "version": "file:../imask"
    },
    "solid-js": {
      "version": "1.6.16",
      "resolved": "https://registry.npmjs.org/solid-js/-/solid-js-1.6.16.tgz",
      "integrity": "sha512-Ng4CahvLlpGA3BXIMiiMdwhI8WpObZ8gXqm97GCKR4+MpnODs6Pdpco+tmVCY/4ZDFaEKDxz7WRLAAdoXdlY7w==",
      "dev": true,
      "requires": {
        "csstype": "^3.1.0"
      }
    }
  }
}
