{
  "name": "@imask/svelte",
  "version": "6.6.1",
  "lockfileVersion": 3,
  "requires": true,
  "packages": {
    "": {
      "name": "@imask/svelte",
      "version": "6.6.1",
      "license": "MIT",
      "dependencies": {
        "imask": "^6.6.1"
      },
      "peerDependencies": {
        "svelte": ">=3.0.0"
      }
    },
    "../imask": {
      "version": "6.6.1",
      "license": "MIT",
      "engines": {
        "npm": ">=4.0.0"
      }
    },
    "node_modules/imask": {
      "resolved": "../imask",
      "link": true
    },
    "node_modules/svelte": {
      "version": "3.57.0",
      "license": "MIT",
      "peer": true,
      "engines": {
        "node": ">= 8"
      }
    }
  }
}
