{
  "name": "@imask/svelte",
  "version": "6.6.2",
  "lockfileVersion": 2,
  "requires": true,
  "packages": {
    "": {
      "name": "@imask/svelte",
      "version": "6.6.2",
      "license": "MIT",
      "dependencies": {
        "imask": "^6.6.2"
      },
      "peerDependencies": {
        "svelte": ">=3.0.0"
      }
    },
    "node_modules/imask": {
      "version": "6.4.3",
      "resolved": "https://registry.npmjs.org/imask/-/imask-6.4.3.tgz",
      "integrity": "sha512-aH2GHemGkr3cbRBfhogHMIx05eUxdHrZNlKTTLmz8VxpSopuHHJ8+85FsDlBVQqxPlDLhZuwj4lpHHWbLOdBSw==",
      "engines": {
        "npm": ">=4.0.0"
      }
    },
    "node_modules/svelte": {
      "version": "3.57.0",
      "resolved": "https://registry.npmjs.org/svelte/-/svelte-3.57.0.tgz",
      "integrity": "sha512-WMXEvF+RtAaclw0t3bPDTUe19pplMlfyKDsixbHQYgCWi9+O9VN0kXU1OppzrB9gPAvz4NALuoca2LfW2bOjTQ==",
      "peer": true,
      "engines": {
        "node": ">= 8"
      }
    }
  },
  "dependencies": {
    "imask": {
      "version": "6.4.3",
      "resolved": "https://registry.npmjs.org/imask/-/imask-6.4.3.tgz",
      "integrity": "sha512-aH2GHemGkr3cbRBfhogHMIx05eUxdHrZNlKTTLmz8VxpSopuHHJ8+85FsDlBVQqxPlDLhZuwj4lpHHWbLOdBSw=="
    },
    "svelte": {
      "version": "3.57.0",
      "resolved": "https://registry.npmjs.org/svelte/-/svelte-3.57.0.tgz",
      "integrity": "sha512-WMXEvF+RtAaclw0t3bPDTUe19pplMlfyKDsixbHQYgCWi9+O9VN0kXU1OppzrB9gPAvz4NALuoca2LfW2bOjTQ==",
      "peer": true
    }
  }
}
