{
  "name": "@imask/svelte",
  "version": "6.4.3-alpha.0",
  "lockfileVersion": 2,
  "requires": true,
  "packages": {
    "": {
      "name": "@imask/svelte",
      "version": "6.4.3-alpha.0",
      "license": "MIT",
      "dependencies": {
        "imask": "^6.4.3-alpha.0"
      },
      "peerDependencies": {
        "svelte": ">=3.0.0"
      }
    },
    "../imask": {
      "version": "6.4.2",
      "license": "MIT",
      "engines": {
        "npm": ">=4.0.0"
      }
    },
    "node_modules/imask": {
      "resolved": "../imask",
      "link": true
    },
    "node_modules/svelte": {
      "version": "3.50.1",
      "resolved": "https://registry.npmjs.org/svelte/-/svelte-3.50.1.tgz",
      "integrity": "sha512-bS4odcsdj5D5jEg6riZuMg5NKelzPtmsCbD9RG+8umU03TeNkdWnP6pqbCm0s8UQNBkqk29w/Bdubn3C+HWSwA==",
      "peer": true,
      "engines": {
        "node": ">= 8"
      }
    }
  },
  "dependencies": {
    "imask": {
      "version": "file:../imask"
    },
    "svelte": {
      "version": "3.50.1",
      "resolved": "https://registry.npmjs.org/svelte/-/svelte-3.50.1.tgz",
      "integrity": "sha512-bS4odcsdj5D5jEg6riZuMg5NKelzPtmsCbD9RG+8umU03TeNkdWnP6pqbCm0s8UQNBkqk29w/Bdubn3C+HWSwA==",
      "peer": true
    }
  }
}
