{
  "requires": true,
  "lockfileVersion": 1,
  "dependencies": {
    "@angular/common": {
      "version": "4.4.6",
      "resolved": "https://registry.npmjs.org/@angular/common/-/common-4.4.6.tgz",
      "integrity": "sha1-S4FCByTggooOg5uVpV6xp+g5GPI=",
      "requires": {
        "tslib": "1.8.1"
      }
    },
    "@angular/compiler": {
      "version": "4.4.6",
      "resolved": "https://registry.npmjs.org/@angular/compiler/-/compiler-4.4.6.tgz",
      "integrity": "sha1-LuH68lt1fh0SiXkHS+f65SmzvCA=",
      "requires": {
        "tslib": "1.8.1"
      }
    },
    "@angular/compiler-cli": {
      "version": "4.4.6",
      "resolved": "https://registry.npmjs.org/@angular/compiler-cli/-/compiler-cli-4.4.6.tgz",
      "integrity": "sha1-uv09HiYOmQh+uajPdTLb1gOrubE=",
      "requires": {
        "@angular/tsc-wrapped": "4.4.6",
        "minimist": "1.2.0",
        "reflect-metadata": "0.1.10"
      }
    },
    "@angular/core": {
      "version": "4.4.6",
      "resolved": "https://registry.npmjs.org/@angular/core/-/core-4.4.6.tgz",
      "integrity": "sha1-EwMf0Q3P5DiHVBmzjyESCVi8I1Q=",
      "requires": {
        "tslib": "1.8.1"
      }
    },
    "@angular/forms": {
      "version": "4.4.6",
      "resolved": "https://registry.npmjs.org/@angular/forms/-/forms-4.4.6.tgz",
      "integrity": "sha1-/mSs5CQ1wbgPSQNLfEHOjK8UpEo=",
      "requires": {
        "tslib": "1.8.1"
      }
    },
    "@angular/tsc-wrapped": {
      "version": "4.4.6",
      "resolved": "https://registry.npmjs.org/@angular/tsc-wrapped/-/tsc-wrapped-4.4.6.tgz",
      "integrity": "sha1-Fnh8u/UL3H5zgSOxnDJSfyROF40=",
      "requires": {
        "tsickle": "0.21.6"
      }
    },
    "imask": {
      "version": "3.1.2",
      "resolved": "https://registry.npmjs.org/imask/-/imask-3.1.2.tgz",
      "integrity": "sha512-lhIQ6HnEHDUhaaI57dyfX0GSQL5PjwIQH0mF5UCwNxHdIrwT6nZSpJpiRF4Rw9xYIFKWrF4oiuxV4jpGoJ5fvA=="
    },
    "minimist": {
      "version": "1.2.0",
      "resolved": "https://registry.npmjs.org/minimist/-/minimist-1.2.0.tgz",
      "integrity": "sha1-o1AIsg9BOD7sH7kU9M1d95omQoQ="
    },
    "mkdirp": {
      "version": "0.5.1",
      "resolved": "https://registry.npmjs.org/mkdirp/-/mkdirp-0.5.1.tgz",
      "integrity": "sha1-MAV0OOrGz3+MR2fzhkjWaX11yQM=",
      "requires": {
        "minimist": "0.0.8"
      },
      "dependencies": {
        "minimist": {
          "version": "0.0.8",
          "resolved": "https://registry.npmjs.org/minimist/-/minimist-0.0.8.tgz",
          "integrity": "sha1-hX/Kv8M5fSYluCKCYuhqp6ARsF0="
        }
      }
    },
    "reflect-metadata": {
      "version": "0.1.10",
      "resolved": "https://registry.npmjs.org/reflect-metadata/-/reflect-metadata-0.1.10.tgz",
      "integrity": "sha1-tPg3BEFqytiZiMmxVjXUfgO5NEo="
    },
    "rxjs": {
      "version": "5.5.3",
      "resolved": "https://registry.npmjs.org/rxjs/-/rxjs-5.5.3.tgz",
      "integrity": "sha512-VWockSz7xmDveeZ7wv8RvdipGGZ1NmL/m4jnpvN9BH4x1fW/TPoD23yXh+qDkbWSlajXVVfLIbGmyxa94Ls84w==",
      "requires": {
        "symbol-observable": "1.1.0"
      }
    },
    "source-map": {
      "version": "0.5.7",
      "resolved": "https://registry.npmjs.org/source-map/-/source-map-0.5.7.tgz",
      "integrity": "sha1-igOdLRAh0i0eoUyA2OpGi6LvP8w="
    },
    "source-map-support": {
      "version": "0.4.18",
      "resolved": "https://registry.npmjs.org/source-map-support/-/source-map-support-0.4.18.tgz",
      "integrity": "sha512-try0/JqxPLF9nOjvSta7tVondkP5dwgyLDjVoyMDlmjugT2lRZ1OfsrYTkCd2hkDnJTKRbO/Rl3orm8vlsUzbA==",
      "requires": {
        "source-map": "0.5.7"
      }
    },
    "symbol-observable": {
      "version": "1.1.0",
      "resolved": "https://registry.npmjs.org/symbol-observable/-/symbol-observable-1.1.0.tgz",
      "integrity": "sha512-dQoid9tqQ+uotGhuTKEY11X4xhyYePVnqGSoSm3OGKh2E8LZ6RPULp1uXTctk33IeERlrRJYoVSBglsL05F5Uw=="
    },
    "tsickle": {
      "version": "0.21.6",
      "resolved": "https://registry.npmjs.org/tsickle/-/tsickle-0.21.6.tgz",
      "integrity": "sha1-U7Abl5xcE/2xOvs/uVgXflmRWI0=",
      "requires": {
        "minimist": "1.2.0",
        "mkdirp": "0.5.1",
        "source-map": "0.5.7",
        "source-map-support": "0.4.18"
      }
    },
    "tslib": {
      "version": "1.8.1",
      "resolved": "https://registry.npmjs.org/tslib/-/tslib-1.8.1.tgz",
      "integrity": "sha1-aUavLR1lGnsYY7Ux1uWvpBqkTqw="
    },
    "typescript": {
      "version": "2.6.2",
      "resolved": "https://registry.npmjs.org/typescript/-/typescript-2.6.2.tgz",
      "integrity": "sha1-PFtv1/beCRQmkCfwPAlGdY92c6Q="
    }
  }
}
